
Microsoft Visual Studio Solution File, Format Version 12.00
# Visual Studio Version 17
VisualStudioVersion = 17.4.33213.308
MinimumVisualStudioVersion = 10.0.40219.1
Project("{FAE04EC0-301F-11D3-BF4B-00C04F79EFBC}") = "WinUpdateClient", "WinUpdateClient\WinUpdateClient.csproj", "{A90201B3-B72C-4DF1-8168-69640583476F}"
EndProject
Project("{FAE04EC0-301F-11D3-BF4B-00C04F79EFBC}") = "AdrianDevHub", "AdrianDevHub\AdrianDevHub.csproj", "{BA0EB59B-2964-43A4-8932-BA150BADE479}"
EndProject
Global
	GlobalSection(SolutionConfigurationPlatforms) = preSolution
		Debug|Any CPU = Debug|Any CPU
		Release|Any CPU = Release|Any CPU
	EndGlobalSection
	GlobalSection(ProjectConfigurationPlatforms) = postSolution
		{A90201B3-B72C-4DF1-8168-69640583476F}.Debug|Any CPU.ActiveCfg = Debug|Any CPU
		{A90201B3-B72C-4DF1-8168-69640583476F}.Debug|Any CPU.Build.0 = Debug|Any CPU
		{A90201B3-B72C-4DF1-8168-69640583476F}.Release|Any CPU.ActiveCfg = Release|Any CPU
		{A90201B3-B72C-4DF1-8168-69640583476F}.Release|Any CPU.Build.0 = Release|Any CPU
		{BA0EB59B-2964-43A4-8932-BA150BADE479}.Debug|Any CPU.ActiveCfg = Debug|Any CPU
		{BA0EB59B-2964-43A4-8932-BA150BADE479}.Debug|Any CPU.Build.0 = Debug|Any CPU
		{BA0EB59B-2964-43A4-8932-BA150BADE479}.Release|Any CPU.ActiveCfg = Release|Any CPU
		{BA0EB59B-2964-43A4-8932-BA150BADE479}.Release|Any CPU.Build.0 = Release|Any CPU
	EndGlobalSection
	GlobalSection(SolutionProperties) = preSolution
		HideSolutionNode = FALSE
	EndGlobalSection
	GlobalSection(ExtensibilityGlobals) = postSolution
		SolutionGuid = {BAE53AA4-0389-4BE6-A016-F07C0DF81959}
	EndGlobalSection
EndGlobal
